
Microsoft Visual Studio Solution File, Format Version 12.00
# Visual Studio 15
VisualStudioVersion = 15.0.27428.2011
MinimumVisualStudioVersion = 10.0.40219.1
Project("{FAE04EC0-301F-11D3-BF4B-00C04F79EFBC}") = "MedicPedia2", "MedicPedia2\MedicPedia2.csproj", "{9A48DCD6-59A0-4AAD-90DA-EEF6AB53926D}"
EndProject
Global
	GlobalSection(SolutionConfigurationPlatforms) = preSolution
		Debug|Any CPU = Debug|Any CPU
		Release|Any CPU = Release|Any CPU
	EndGlobalSection
	GlobalSection(ProjectConfigurationPlatforms) = postSolution
		{9A48DCD6-59A0-4AAD-90DA-EEF6AB53926D}.Debug|Any CPU.ActiveCfg = Debug|Any CPU
		{9A48DCD6-59A0-4AAD-90DA-EEF6AB53926D}.Debug|Any CPU.Build.0 = Debug|Any CPU
		{9A48DCD6-59A0-4AAD-90DA-EEF6AB53926D}.Release|Any CPU.ActiveCfg = Release|Any CPU
		{9A48DCD6-59A0-4AAD-90DA-EEF6AB53926D}.Release|Any CPU.Build.0 = Release|Any CPU
	EndGlobalSection
	GlobalSection(SolutionProperties) = preSolution
		HideSolutionNode = FALSE
	EndGlobalSection
	GlobalSection(ExtensibilityGlobals) = postSolution
		SolutionGuid = {1334671C-1B78-4159-A25F-80BD80ADDDE9}
	EndGlobalSection
EndGlobal
